<?xml version="1.0" encoding="utf-8"?>
<Project ToolsVersion="4.0" xmlns="http://schemas.microsoft.com/developer/msbuild/2003">
  <ItemGroup>
    <Filter Include="Source Files">
      <UniqueIdentifier>{4FC737F1-C7A5-4376-A066-2A32D752A2FF}</UniqueIdentifier>
      <Extensions>cpp;c;cc;cxx;def;odl;idl;hpj;bat;asm;asmx</Extensions>
    </Filter>
    <Filter Include="Header Files">
      <UniqueIdentifier>{93995380-89BD-4b04-88EB-625FBE52EBFB}</UniqueIdentifier>
      <Extensions>h;hh;hpp;hxx;hm;inl;inc;ipp;xsd</Extensions>
    </Filter>
    <Filter Include="Resource Files">
      <UniqueIdentifier>{67DA6AB6-F800-4c08-8B7A-83BB121AAD01}</UniqueIdentifier>
      <Extensions>rc;ico;cur;bmp;dlg;rc2;rct;bin;rgs;gif;jpg;jpeg;jpe;resx;tiff;tif;png;wav;mfcribbon-ms</Extensions>
    </Filter>
    <Filter Include="Resource Files\SpriteBatch">
      <UniqueIdentifier>{1cfb012a-ffc3-48f9-a7a4-3390e65b17a0}</UniqueIdentifier>
    </Filter>
    <Filter Include="Resource Files\trash">
      <UniqueIdentifier>{e79c46c3-e1f5-4d62-9232-6fe6410094fb}</UniqueIdentifier>
    </Filter>
    <Filter Include="Resource Files\debug">
      <UniqueIdentifier>{fac84d1c-981e-4930-b10a-a47d0a391386}</UniqueIdentifier>
    </Filter>
    <Filter Include="Resource Files\Expentional Shadow Mapping">
      <UniqueIdentifier>{40fb9fc5-b4d8-4dbd-b133-c38ac8672bad}</UniqueIdentifier>
    </Filter>
    <Filter Include="Resource Files\voxel">
      <UniqueIdentifier>{412bd06b-afb6-4d23-91a9-81c3610619b2}</UniqueIdentifier>
    </Filter>
    <Filter Include="Resource Files\Simple Forward">
      <UniqueIdentifier>{d5698c0b-95d7-4c2e-8ed8-afa46072f91f}</UniqueIdentifier>
    </Filter>
  </ItemGroup>
  <ItemGroup>
    <ClInclude Include="..\src\CameraUtils.hpp">
      <Filter>Header Files</Filter>
    </ClInclude>
    <ClInclude Include="..\src\InputMultiplexer.hpp">
      <Filter>Header Files</Filter>
    </ClInclude>
    <ClInclude Include="..\src\MainStruct.hpp">
      <Filter>Header Files</Filter>
    </ClInclude>
    <ClInclude Include="..\src\World.hpp">
      <Filter>Header Files</Filter>
    </ClInclude>
    <ClInclude Include="..\src\AI.hpp">
      <Filter>Header Files</Filter>
    </ClInclude>
    <ClInclude Include="..\src\Assets.hpp">
      <Filter>Header Files</Filter>
    </ClInclude>
    <ClInclude Include="..\src\UI.hpp">
      <Filter>Header Files</Filter>
    </ClInclude>
    <ClInclude Include="..\src\Utils.hpp">
      <Filter>Header Files</Filter>
    </ClInclude>
    <ClInclude Include="..\src\MapGenerator.h">
      <Filter>Header Files</Filter>
    </ClInclude>
    <ClInclude Include="..\src\Level.h">
      <Filter>Header Files</Filter>
    </ClInclude>
    <ClInclude Include="..\src\TextUtil.hpp">
      <Filter>Header Files</Filter>
    </ClInclude>
    <ClInclude Include="..\src\G3D.hpp">
      <Filter>Header Files</Filter>
    </ClInclude>
    <ClInclude Include="..\src\Math.hpp">
      <Filter>Header Files</Filter>
    </ClInclude>
    <ClInclude Include="..\src\Gdx.hpp">
      <Filter>Header Files</Filter>
    </ClInclude>
    <ClInclude Include="..\src\TimeLog.hpp">
      <Filter>Header Files</Filter>
    </ClInclude>
    <ClInclude Include="..\src\Renderer.hpp">
      <Filter>Header Files</Filter>
    </ClInclude>
  </ItemGroup>
  <ItemGroup>
    <ClCompile Include="..\src\InputMultiplexer.cpp">
      <Filter>Source Files</Filter>
    </ClCompile>
    <ClCompile Include="..\src\main.cpp">
      <Filter>Source Files</Filter>
    </ClCompile>
    <ClCompile Include="..\src\CameraUtils.cpp">
      <Filter>Source Files</Filter>
    </ClCompile>
    <ClCompile Include="..\src\Assets.cpp">
      <Filter>Source Files</Filter>
    </ClCompile>
    <ClCompile Include="..\src\MainStruct.cpp">
      <Filter>Source Files</Filter>
    </ClCompile>
    <ClCompile Include="..\src\Utils.cpp">
      <Filter>Source Files</Filter>
    </ClCompile>
    <ClCompile Include="..\src\UI.cpp">
      <Filter>Source Files</Filter>
    </ClCompile>
    <ClCompile Include="..\src\Level.cpp">
      <Filter>Source Files</Filter>
    </ClCompile>
    <ClCompile Include="..\src\World.cpp">
      <Filter>Source Files</Filter>
    </ClCompile>
    <ClCompile Include="..\src\TextUtil.cpp">
      <Filter>Source Files</Filter>
    </ClCompile>
    <ClCompile Include="..\src\AI.cpp">
      <Filter>Source Files</Filter>
    </ClCompile>
    <ClCompile Include="..\src\G3D.cpp">
      <Filter>Source Files</Filter>
    </ClCompile>
    <ClCompile Include="..\src\Math.cpp">
      <Filter>Source Files</Filter>
    </ClCompile>
    <ClCompile Include="..\src\Gdx.cpp">
      <Filter>Source Files</Filter>
    </ClCompile>
    <ClCompile Include="..\src\TimeLog.cpp">
      <Filter>Source Files</Filter>
    </ClCompile>
    <ClCompile Include="..\bin\assets\shader\testshader.frag">
      <Filter>Resource Files\trash</Filter>
    </ClCompile>
    <ClCompile Include="..\src\Renderer.cpp">
      <Filter>Source Files</Filter>
    </ClCompile>
  </ItemGroup>
  <ItemGroup>
    <None Include="..\bin\assets\shader\spritebatch\sb_sprite.vert">
      <Filter>Resource Files\SpriteBatch</Filter>
    </None>
    <None Include="..\bin\assets\shader\spritebatch\sb_sprite.frag">
      <Filter>Resource Files\SpriteBatch</Filter>
    </None>
    <None Include="..\bin\assets\shader\simple forward\sb_sf.vert">
      <Filter>Resource Files\Simple Forward</Filter>
    </None>
    <None Include="..\bin\assets\shader\simple forward\sb_sf.frag">
      <Filter>Resource Files\Simple Forward</Filter>
    </None>
    <None Include="..\bin\assets\shader\simple forward\sb_vsm.frag">
      <Filter>Resource Files\Simple Forward</Filter>
    </None>
    <None Include="..\bin\assets\shader\simple forward\sb_vsm.vert">
      <Filter>Resource Files\Simple Forward</Filter>
    </None>
    <None Include="..\bin\assets\shader\simple forward\sb_sf_vsm.frag">
      <Filter>Resource Files\Simple Forward</Filter>
    </None>
    <None Include="..\bin\assets\shader\simple forward\sb_sf_vsm.vert">
      <Filter>Resource Files\Simple Forward</Filter>
    </None>
    <None Include="..\bin\assets\shader\simple forward\sb_sf_vsm_notex.frag">
      <Filter>Resource Files\Simple Forward</Filter>
    </None>
    <None Include="..\bin\assets\shader\simple forward\sb_sf_vsm_notex.vert">
      <Filter>Resource Files\Simple Forward</Filter>
    </None>
    <None Include="..\bin\assets\shader\ai.comp">
      <Filter>Resource Files\trash</Filter>
    </None>
    <None Include="..\bin\assets\shader\AiTest.frag">
      <Filter>Resource Files\trash</Filter>
    </None>
    <None Include="..\bin\assets\shader\AiTest.geom">
      <Filter>Resource Files\trash</Filter>
    </None>
    <None Include="..\bin\assets\shader\AiTest.vert">
      <Filter>Resource Files\trash</Filter>
    </None>
    <None Include="..\bin\assets\shader\AiTestComp.comp">
      <Filter>Resource Files\trash</Filter>
    </None>
    <None Include="..\bin\assets\shader\forwardplus_shader.frag">
      <Filter>Resource Files\trash</Filter>
    </None>
    <None Include="..\bin\assets\shader\forwardplus_shader.vert">
      <Filter>Resource Files\trash</Filter>
    </None>
    <None Include="..\bin\assets\shader\LightCullShader.comp">
      <Filter>Resource Files\trash</Filter>
    </None>
    <None Include="..\bin\assets\shader\lightgrid_shader.comp">
      <Filter>Resource Files\trash</Filter>
    </None>
    <None Include="..\bin\assets\shader\model_shader.frag">
      <Filter>Resource Files\trash</Filter>
    </None>
    <None Include="..\bin\assets\shader\model_shader.vert">
      <Filter>Resource Files\trash</Filter>
    </None>
    <None Include="..\bin\assets\shader\tree_shader.frag">
      <Filter>Resource Files\trash</Filter>
    </None>
    <None Include="..\bin\assets\shader\tree_shader.vert">
      <Filter>Resource Files\trash</Filter>
    </None>
    <None Include="..\bin\assets\shader\fbo_debug_shader.frag">
      <Filter>Resource Files\debug</Filter>
    </None>
    <None Include="..\bin\assets\shader\fbo_debug_shader.vert">
      <Filter>Resource Files\debug</Filter>
    </None>
    <None Include="..\README.md">
      <Filter>Resource Files</Filter>
    </None>
    <None Include="..\bin\assets\shader\esm\shader_esm.vert">
      <Filter>Resource Files\Expentional Shadow Mapping</Filter>
    </None>
    <None Include="..\bin\assets\shader\esm\shader_esm.frag">
      <Filter>Resource Files\Expentional Shadow Mapping</Filter>
    </None>
    <None Include="..\bin\assets\shader\esm\shader_esm_gb.comp">
      <Filter>Resource Files\Expentional Shadow Mapping</Filter>
    </None>
    <None Include="..\bin\assets\shader\simple forward\sb_sf_blur.comp">
      <Filter>Resource Files\Simple Forward</Filter>
    </None>
    <None Include="..\bin\assets\shader\voxel\shader_voxel_builder.comp">
      <Filter>Resource Files\voxel</Filter>
    </None>
    <None Include="..\bin\assets\shader\bg_shader.frag">
      <Filter>Resource Files\trash</Filter>
    </None>
    <None Include="..\bin\assets\shader\bg_shader.geom">
      <Filter>Resource Files\trash</Filter>
    </None>
    <None Include="..\bin\assets\shader\bg_shader.vert">
      <Filter>Resource Files\trash</Filter>
    </None>
    <None Include="..\bin\assets\shader\voxel\shader_voxel_draw.frag">
      <Filter>Resource Files\voxel</Filter>
    </None>
    <None Include="..\bin\assets\shader\voxel\shader_voxel_draw.vert">
      <Filter>Resource Files\voxel</Filter>
    </None>
  </ItemGroup>
</Project>